
Microsoft Visual Studio Solution File, Format Version 12.00
# Visual Studio 15
VisualStudioVersion = 15.0.28307.852
MinimumVisualStudioVersion = 10.0.40219.1
Project("{FAE04EC0-301F-11D3-BF4B-00C04F79EFBC}") = "FormApps", "TonFormApps\FormApps.csproj", "{9E2F8CC8-A13A-4336-8CBF-995D9071A864}"
EndProject
Global
	GlobalSection(SolutionConfigurationPlatforms) = preSolution
		Debug|Any CPU = Debug|Any CPU
		Release|Any CPU = Release|Any CPU
	EndGlobalSection
	GlobalSection(ProjectConfigurationPlatforms) = postSolution
		{9E2F8CC8-A13A-4336-8CBF-995D9071A864}.Debug|Any CPU.ActiveCfg = Debug|Any CPU
		{9E2F8CC8-A13A-4336-8CBF-995D9071A864}.Debug|Any CPU.Build.0 = Debug|Any CPU
		{9E2F8CC8-A13A-4336-8CBF-995D9071A864}.Release|Any CPU.ActiveCfg = Release|Any CPU
		{9E2F8CC8-A13A-4336-8CBF-995D9071A864}.Release|Any CPU.Build.0 = Release|Any CPU
	EndGlobalSection
	GlobalSection(SolutionProperties) = preSolution
		HideSolutionNode = FALSE
	EndGlobalSection
	GlobalSection(ExtensibilityGlobals) = postSolution
		SolutionGuid = {52391C54-9D14-4647-9E95-B9B3D6521D64}
	EndGlobalSection
EndGlobal
